
Microsoft Visual Studio Solution File, Format Version 12.00
Project("{FAE04EC0-301F-11D3-BF4B-00C04F79EFBC}") = "API-tests", "API-tests\API-tests.csproj", "{8CE1893F-0D11-4AC2-BD92-61B48BCE9C75}"
EndProject
Project("{FAE04EC0-301F-11D3-BF4B-00C04F79EFBC}") = "UiTests", "UiTests\UiTests.csproj", "{9545A1E1-18A7-4C9A-81D8-A3FB28E0BA7A}"
EndProject
Global
	GlobalSection(SolutionConfigurationPlatforms) = preSolution
		Debug|Any CPU = Debug|Any CPU
		Release|Any CPU = Release|Any CPU
	EndGlobalSection
	GlobalSection(ProjectConfigurationPlatforms) = postSolution
		{8CE1893F-0D11-4AC2-BD92-61B48BCE9C75}.Debug|Any CPU.ActiveCfg = Debug|Any CPU
		{8CE1893F-0D11-4AC2-BD92-61B48BCE9C75}.Debug|Any CPU.Build.0 = Debug|Any CPU
		{8CE1893F-0D11-4AC2-BD92-61B48BCE9C75}.Release|Any CPU.ActiveCfg = Release|Any CPU
		{8CE1893F-0D11-4AC2-BD92-61B48BCE9C75}.Release|Any CPU.Build.0 = Release|Any CPU
		{9545A1E1-18A7-4C9A-81D8-A3FB28E0BA7A}.Debug|Any CPU.ActiveCfg = Debug|Any CPU
		{9545A1E1-18A7-4C9A-81D8-A3FB28E0BA7A}.Debug|Any CPU.Build.0 = Debug|Any CPU
		{9545A1E1-18A7-4C9A-81D8-A3FB28E0BA7A}.Release|Any CPU.ActiveCfg = Release|Any CPU
		{9545A1E1-18A7-4C9A-81D8-A3FB28E0BA7A}.Release|Any CPU.Build.0 = Release|Any CPU
	EndGlobalSection
EndGlobal
